// !$*UTF8*$!
{
	archiveVersion = 1;
	classes = {
	};
	objectVersion = 46;
	objects = {

/* Begin PBXBuildFile section */
		308BD1991C53EF8300C5B1DE /* MessagingController.swift in Sources */ = {isa = PBXBuildFile; fileRef = 308BD1981C53EF8300C5B1DE /* MessagingController.swift */; };
		308BD19B1C53FAD900C5B1DE /* MessagingCell.swift in Sources */ = {isa = PBXBuildFile; fileRef = 308BD19A1C53FAD900C5B1DE /* MessagingCell.swift */; };
		308BD19D1C54B63300C5B1DE /* MessageView.swift in Sources */ = {isa = PBXBuildFile; fileRef = 308BD19C1C54B63300C5B1DE /* MessageView.swift */; };
		308BD19F1C54C3C400C5B1DE /* ViewController2.swift in Sources */ = {isa = PBXBuildFile; fileRef = 308BD19E1C54C3C400C5B1DE /* ViewController2.swift */; };
		30ED0BA21C552E5D006BE348 /* Storyboard.storyboard in Resources */ = {isa = PBXBuildFile; fileRef = 30ED0BA11C552E5C006BE348 /* Storyboard.storyboard */; };
		BA81A31C1C521B2200392DA7 /* AppDelegate.swift in Sources */ = {isa = PBXBuildFile; fileRef = BA81A31B1C521B2200392DA7 /* AppDelegate.swift */; };
		BA81A31E1C521B2200392DA7 /* ViewController.swift in Sources */ = {isa = PBXBuildFile; fileRef = BA81A31D1C521B2200392DA7 /* ViewController.swift */; };
		BA81A3211C521B2200392DA7 /* Main.storyboard in Resources */ = {isa = PBXBuildFile; fileRef = BA81A31F1C521B2200392DA7 /* Main.storyboard */; };
		BA81A3231C521B2200392DA7 /* Assets.xcassets in Resources */ = {isa = PBXBuildFile; fileRef = BA81A3221C521B2200392DA7 /* Assets.xcassets */; };
		BA81A3261C521B2200392DA7 /* LaunchScreen.storyboard in Resources */ = {isa = PBXBuildFile; fileRef = BA81A3241C521B2200392DA7 /* LaunchScreen.storyboard */; };
		BA81A32E1C521CB900392DA7 /* VerticalStackView.swift in Sources */ = {isa = PBXBuildFile; fileRef = BA81A32D1C521CB900392DA7 /* VerticalStackView.swift */; };
		D6457CA67B0F16766C2A9A3D /* Pods.framework in Frameworks */ = {isa = PBXBuildFile; fileRef = F9F159BA2604712FE1935C92 /* Pods.framework */; };
/* End PBXBuildFile section */

/* Begin PBXFileReference section */
		27CDE24D2EB25304E832FB30 /* Pods.debug.xcconfig */ = {isa = PBXFileReference; includeInIndex = 1; lastKnownFileType = text.xcconfig; name = Pods.debug.xcconfig; path = "Pods/Target Support Files/Pods/Pods.debug.xcconfig"; sourceTree = "<group>"; };
		308BD1981C53EF8300C5B1DE /* MessagingController.swift */ = {isa = PBXFileReference; fileEncoding = 4; lastKnownFileType = sourcecode.swift; path = MessagingController.swift; sourceTree = "<group>"; };
		308BD19A1C53FAD900C5B1DE /* MessagingCell.swift */ = {isa = PBXFileReference; fileEncoding = 4; lastKnownFileType = sourcecode.swift; path = MessagingCell.swift; sourceTree = "<group>"; };
		308BD19C1C54B63300C5B1DE /* MessageView.swift */ = {isa = PBXFileReference; fileEncoding = 4; lastKnownFileType = sourcecode.swift; path = MessageView.swift; sourceTree = "<group>"; };
		308BD19E1C54C3C400C5B1DE /* ViewController2.swift */ = {isa = PBXFileReference; fileEncoding = 4; lastKnownFileType = sourcecode.swift; path = ViewController2.swift; sourceTree = "<group>"; };
		30ED0BA11C552E5C006BE348 /* Storyboard.storyboard */ = {isa = PBXFileReference; fileEncoding = 4; lastKnownFileType = file.storyboard; path = Storyboard.storyboard; sourceTree = "<group>"; };
		BA81A3181C521B2200392DA7 /* MessagingPrototype.app */ = {isa = PBXFileReference; explicitFileType = wrapper.application; includeInIndex = 0; path = MessagingPrototype.app; sourceTree = BUILT_PRODUCTS_DIR; };
		BA81A31B1C521B2200392DA7 /* AppDelegate.swift */ = {isa = PBXFileReference; lastKnownFileType = sourcecode.swift; path = AppDelegate.swift; sourceTree = "<group>"; };
		BA81A31D1C521B2200392DA7 /* ViewController.swift */ = {isa = PBXFileReference; lastKnownFileType = sourcecode.swift; path = ViewController.swift; sourceTree = "<group>"; };
		BA81A3201C521B2200392DA7 /* Base */ = {isa = PBXFileReference; lastKnownFileType = file.storyboard; name = Base; path = Base.lproj/Main.storyboard; sourceTree = "<group>"; };
		BA81A3221C521B2200392DA7 /* Assets.xcassets */ = {isa = PBXFileReference; lastKnownFileType = folder.assetcatalog; path = Assets.xcassets; sourceTree = "<group>"; };
		BA81A3251C521B2200392DA7 /* Base */ = {isa = PBXFileReference; lastKnownFileType = file.storyboard; name = Base; path = Base.lproj/LaunchScreen.storyboard; sourceTree = "<group>"; };
		BA81A3271C521B2200392DA7 /* Info.plist */ = {isa = PBXFileReference; lastKnownFileType = text.plist.xml; path = Info.plist; sourceTree = "<group>"; };
		BA81A32D1C521CB900392DA7 /* VerticalStackView.swift */ = {isa = PBXFileReference; fileEncoding = 4; lastKnownFileType = sourcecode.swift; path = VerticalStackView.swift; sourceTree = "<group>"; };
		F68A8876B1014F44CDB05F5B /* Pods.release.xcconfig */ = {isa = PBXFileReference; includeInIndex = 1; lastKnownFileType = text.xcconfig; name = Pods.release.xcconfig; path = "Pods/Target Support Files/Pods/Pods.release.xcconfig"; sourceTree = "<group>"; };
		F9F159BA2604712FE1935C92 /* Pods.framework */ = {isa = PBXFileReference; explicitFileType = wrapper.framework; includeInIndex = 0; path = Pods.framework; sourceTree = BUILT_PRODUCTS_DIR; };
/* End PBXFileReference section */

/* Begin PBXFrameworksBuildPhase section */
		BA81A3151C521B2200392DA7 /* Frameworks */ = {
			isa = PBXFrameworksBuildPhase;
			buildActionMask = 2147483647;
			files = (
				D6457CA67B0F16766C2A9A3D /* Pods.framework in Frameworks */,
			);
			runOnlyForDeploymentPostprocessing = 0;
		};
/* End PBXFrameworksBuildPhase section */

/* Begin PBXGroup section */
		2BC055AE6223C898F7112EB0 /* Pods */ = {
			isa = PBXGroup;
			children = (
				27CDE24D2EB25304E832FB30 /* Pods.debug.xcconfig */,
				F68A8876B1014F44CDB05F5B /* Pods.release.xcconfig */,
			);
			name = Pods;
			sourceTree = "<group>";
		};
		BA81A30F1C521B2200392DA7 = {
			isa = PBXGroup;
			children = (
				BA81A31A1C521B2200392DA7 /* MessagingPrototype */,
				BA81A3191C521B2200392DA7 /* Products */,
				2BC055AE6223C898F7112EB0 /* Pods */,
				F17608C1991705E98E415A42 /* Frameworks */,
			);
			sourceTree = "<group>";
		};
		BA81A3191C521B2200392DA7 /* Products */ = {
			isa = PBXGroup;
			children = (
				BA81A3181C521B2200392DA7 /* MessagingPrototype.app */,
			);
			name = Products;
			sourceTree = "<group>";
		};
		BA81A31A1C521B2200392DA7 /* MessagingPrototype */ = {
			isa = PBXGroup;
			children = (
				BA81A31B1C521B2200392DA7 /* AppDelegate.swift */,
				BA81A32D1C521CB900392DA7 /* VerticalStackView.swift */,
				BA81A31D1C521B2200392DA7 /* ViewController.swift */,
				BA81A31F1C521B2200392DA7 /* Main.storyboard */,
				BA81A3221C521B2200392DA7 /* Assets.xcassets */,
				BA81A3241C521B2200392DA7 /* LaunchScreen.storyboard */,
				BA81A3271C521B2200392DA7 /* Info.plist */,
				308BD1981C53EF8300C5B1DE /* MessagingController.swift */,
				308BD19A1C53FAD900C5B1DE /* MessagingCell.swift */,
				308BD19C1C54B63300C5B1DE /* MessageView.swift */,
				308BD19E1C54C3C400C5B1DE /* ViewController2.swift */,
				30ED0BA11C552E5C006BE348 /* Storyboard.storyboard */,
			);
			path = MessagingPrototype;
			sourceTree = "<group>";
		};
		F17608C1991705E98E415A42 /* Frameworks */ = {
			isa = PBXGroup;
			children = (
				F9F159BA2604712FE1935C92 /* Pods.framework */,
			);
			name = Frameworks;
			sourceTree = "<group>";
		};
/* End PBXGroup section */

/* Begin PBXNativeTarget section */
		BA81A3171C521B2200392DA7 /* MessagingPrototype */ = {
			isa = PBXNativeTarget;
			buildConfigurationList = BA81A32A1C521B2200392DA7 /* Build configuration list for PBXNativeTarget "MessagingPrototype" */;
			buildPhases = (
				0CA938E23D5B059BAFA549F2 /* Check Pods Manifest.lock */,
				BA81A3141C521B2200392DA7 /* Sources */,
				BA81A3151C521B2200392DA7 /* Frameworks */,
				BA81A3161C521B2200392DA7 /* Resources */,
				BF55E2E54E44074296E17E3B /* Embed Pods Frameworks */,
				C754B82B2A3DD5AB9AF2C628 /* Copy Pods Resources */,
			);
			buildRules = (
			);
			dependencies = (
			);
			name = MessagingPrototype;
			productName = MessagingPrototype;
			productReference = BA81A3181C521B2200392DA7 /* MessagingPrototype.app */;
			productType = "com.apple.product-type.application";
		};
/* End PBXNativeTarget section */

/* Begin PBXProject section */
		BA81A3101C521B2200392DA7 /* Project object */ = {
			isa = PBXProject;
			attributes = {
				LastSwiftUpdateCheck = 0720;
				LastUpgradeCheck = 0720;
				ORGANIZATIONNAME = "Roman Shcherbii";
				TargetAttributes = {
					BA81A3171C521B2200392DA7 = {
						CreatedOnToolsVersion = 7.2;
					};
				};
			};
			buildConfigurationList = BA81A3131C521B2200392DA7 /* Build configuration list for PBXProject "MessagingPrototype" */;
			compatibilityVersion = "Xcode 3.2";
			developmentRegion = English;
			hasScannedForEncodings = 0;
			knownRegions = (
				en,
				Base,
			);
			mainGroup = BA81A30F1C521B2200392DA7;
			productRefGroup = BA81A3191C521B2200392DA7 /* Products */;
			projectDirPath = "";
			projectRoot = "";
			targets = (
				BA81A3171C521B2200392DA7 /* MessagingPrototype */,
			);
		};
/* End PBXProject section */

/* Begin PBXResourcesBuildPhase section */
		BA81A3161C521B2200392DA7 /* Resources */ = {
			isa = PBXResourcesBuildPhase;
			buildActionMask = 2147483647;
			files = (
				BA81A3261C521B2200392DA7 /* LaunchScreen.storyboard in Resources */,
				30ED0BA21C552E5D006BE348 /* Storyboard.storyboard in Resources */,
				BA81A3231C521B2200392DA7 /* Assets.xcassets in Resources */,
				BA81A3211C521B2200392DA7 /* Main.storyboard in Resources */,
			);
			runOnlyForDeploymentPostprocessing = 0;
		};
/* End PBXResourcesBuildPhase section */

/* Begin PBXShellScriptBuildPhase section */
		0CA938E23D5B059BAFA549F2 /* Check Pods Manifest.lock */ = {
			isa = PBXShellScriptBuildPhase;
			buildActionMask = 2147483647;
			files = (
			);
			inputPaths = (
			);
			name = "Check Pods Manifest.lock";
			outputPaths = (
			);
			runOnlyForDeploymentPostprocessing = 0;
			shellPath = /bin/sh;
			shellScript = "diff \"${PODS_ROOT}/../Podfile.lock\" \"${PODS_ROOT}/Manifest.lock\" > /dev/null\nif [[ $? != 0 ]] ; then\n    cat << EOM\nerror: The sandbox is not in sync with the Podfile.lock. Run 'pod install' or update your CocoaPods installation.\nEOM\n    exit 1\nfi\n";
			showEnvVarsInLog = 0;
		};
		BF55E2E54E44074296E17E3B /* Embed Pods Frameworks */ = {
			isa = PBXShellScriptBuildPhase;
			buildActionMask = 2147483647;
			files = (
			);
			inputPaths = (
			);
			name = "Embed Pods Frameworks";
			outputPaths = (
			);
			runOnlyForDeploymentPostprocessing = 0;
			shellPath = /bin/sh;
			shellScript = "\"${SRCROOT}/Pods/Target Support Files/Pods/Pods-frameworks.sh\"\n";
			showEnvVarsInLog = 0;
		};
		C754B82B2A3DD5AB9AF2C628 /* Copy Pods Resources */ = {
			isa = PBXShellScriptBuildPhase;
			buildActionMask = 2147483647;
			files = (
			);
			inputPaths = (
			);
			name = "Copy Pods Resources";
			outputPaths = (
			);
			runOnlyForDeploymentPostprocessing = 0;
			shellPath = /bin/sh;
			shellScript = "\"${SRCROOT}/Pods/Target Support Files/Pods/Pods-resources.sh\"\n";
			showEnvVarsInLog = 0;
		};
/* End PBXShellScriptBuildPhase section */

/* Begin PBXSourcesBuildPhase section */
		BA81A3141C521B2200392DA7 /* Sources */ = {
			isa = PBXSourcesBuildPhase;
			buildActionMask = 2147483647;
			files = (
				308BD19F1C54C3C400C5B1DE /* ViewController2.swift in Sources */,
				BA81A31E1C521B2200392DA7 /* ViewController.swift in Sources */,
				BA81A32E1C521CB900392DA7 /* VerticalStackView.swift in Sources */,
				308BD1991C53EF8300C5B1DE /* MessagingController.swift in Sources */,
				308BD19D1C54B63300C5B1DE /* MessageView.swift in Sources */,
				BA81A31C1C521B2200392DA7 /* AppDelegate.swift in Sources */,
				308BD19B1C53FAD900C5B1DE /* MessagingCell.swift in Sources */,
			);
			runOnlyForDeploymentPostprocessing = 0;
		};
/* End PBXSourcesBuildPhase section */

/* Begin PBXVariantGroup section */
		BA81A31F1C521B2200392DA7 /* Main.storyboard */ = {
			isa = PBXVariantGroup;
			children = (
				BA81A3201C521B2200392DA7 /* Base */,
			);
			name = Main.storyboard;
			sourceTree = "<group>";
		};
		BA81A3241C521B2200392DA7 /* LaunchScreen.storyboard */ = {
			isa = PBXVariantGroup;
			children = (
				BA81A3251C521B2200392DA7 /* Base */,
			);
			name = LaunchScreen.storyboard;
			sourceTree = "<group>";
		};
/* End PBXVariantGroup section */

/* Begin XCBuildConfiguration section */
		BA81A3281C521B2200392DA7 /* Debug */ = {
			isa = XCBuildConfiguration;
			buildSettings = {
				ALWAYS_SEARCH_USER_PATHS = NO;
				CLANG_CXX_LANGUAGE_STANDARD = "gnu++0x";
				CLANG_CXX_LIBRARY = "libc++";
				CLANG_ENABLE_MODULES = YES;
				CLANG_ENABLE_OBJC_ARC = YES;
				CLANG_WARN_BOOL_CONVERSION = YES;
				CLANG_WARN_CONSTANT_CONVERSION = YES;
				CLANG_WARN_DIRECT_OBJC_ISA_USAGE = YES_ERROR;
				CLANG_WARN_EMPTY_BODY = YES;
				CLANG_WARN_ENUM_CONVERSION = YES;
				CLANG_WARN_INT_CONVERSION = YES;
				CLANG_WARN_OBJC_ROOT_CLASS = YES_ERROR;
				CLANG_WARN_UNREACHABLE_CODE = YES;
				CLANG_WARN__DUPLICATE_METHOD_MATCH = YES;
				"CODE_SIGN_IDENTITY[sdk=iphoneos*]" = "iPhone Developer";
				COPY_PHASE_STRIP = NO;
				DEBUG_INFORMATION_FORMAT = dwarf;
				ENABLE_STRICT_OBJC_MSGSEND = YES;
				ENABLE_TESTABILITY = YES;
				GCC_C_LANGUAGE_STANDARD = gnu99;
				GCC_DYNAMIC_NO_PIC = NO;
				GCC_NO_COMMON_BLOCKS = YES;
				GCC_OPTIMIZATION_LEVEL = 0;
				GCC_PREPROCESSOR_DEFINITIONS = (
					"DEBUG=1",
					"$(inherited)",
				);
				GCC_WARN_64_TO_32_BIT_CONVERSION = YES;
				GCC_WARN_ABOUT_RETURN_TYPE = YES_ERROR;
				GCC_WARN_UNDECLARED_SELECTOR = YES;
				GCC_WARN_UNINITIALIZED_AUTOS = YES_AGGRESSIVE;
				GCC_WARN_UNUSED_FUNCTION = YES;
				GCC_WARN_UNUSED_VARIABLE = YES;
				IPHONEOS_DEPLOYMENT_TARGET = 9.2;
				MTL_ENABLE_DEBUG_INFO = YES;
				ONLY_ACTIVE_ARCH = YES;
				SDKROOT = iphoneos;
				SWIFT_OPTIMIZATION_LEVEL = "-Onone";
				TARGETED_DEVICE_FAMILY = "1,2";
			};
			name = Debug;
		};
		BA81A3291C521B2200392DA7 /* Release */ = {
			isa = XCBuildConfiguration;
			buildSettings = {
				ALWAYS_SEARCH_USER_PATHS = NO;
				CLANG_CXX_LANGUAGE_STANDARD = "gnu++0x";
				CLANG_CXX_LIBRARY = "libc++";
				CLANG_ENABLE_MODULES = YES;
				CLANG_ENABLE_OBJC_ARC = YES;
				CLANG_WARN_BOOL_CONVERSION = YES;
				CLANG_WARN_CONSTANT_CONVERSION = YES;
				CLANG_WARN_DIRECT_OBJC_ISA_USAGE = YES_ERROR;
				CLANG_WARN_EMPTY_BODY = YES;
				CLANG_WARN_ENUM_CONVERSION = YES;
				CLANG_WARN_INT_CONVERSION = YES;
				CLANG_WARN_OBJC_ROOT_CLASS = YES_ERROR;
				CLANG_WARN_UNREACHABLE_CODE = YES;
				CLANG_WARN__DUPLICATE_METHOD_MATCH = YES;
				"CODE_SIGN_IDENTITY[sdk=iphoneos*]" = "iPhone Developer";
				COPY_PHASE_STRIP = NO;
				DEBUG_INFORMATION_FORMAT = "dwarf-with-dsym";
				ENABLE_NS_ASSERTIONS = NO;
				ENABLE_STRICT_OBJC_MSGSEND = YES;
				GCC_C_LANGUAGE_STANDARD = gnu99;
				GCC_NO_COMMON_BLOCKS = YES;
				GCC_WARN_64_TO_32_BIT_CONVERSION = YES;
				GCC_WARN_ABOUT_RETURN_TYPE = YES_ERROR;
				GCC_WARN_UNDECLARED_SELECTOR = YES;
				GCC_WARN_UNINITIALIZED_AUTOS = YES_AGGRESSIVE;
				GCC_WARN_UNUSED_FUNCTION = YES;
				GCC_WARN_UNUSED_VARIABLE = YES;
				IPHONEOS_DEPLOYMENT_TARGET = 9.2;
				MTL_ENABLE_DEBUG_INFO = NO;
				SDKROOT = iphoneos;
				TARGETED_DEVICE_FAMILY = "1,2";
				VALIDATE_PRODUCT = YES;
			};
			name = Release;
		};
		BA81A32B1C521B2200392DA7 /* Debug */ = {
			isa = XCBuildConfiguration;
			baseConfigurationReference = 27CDE24D2EB25304E832FB30 /* Pods.debug.xcconfig */;
			buildSettings = {
				ASSETCATALOG_COMPILER_APPICON_NAME = AppIcon;
				INFOPLIST_FILE = MessagingPrototype/Info.plist;
				LD_RUNPATH_SEARCH_PATHS = "$(inherited) @executable_path/Frameworks";
				PRODUCT_BUNDLE_IDENTIFIER = hio.MessagingPrototype;
				PRODUCT_NAME = "$(TARGET_NAME)";
			};
			name = Debug;
		};
		BA81A32C1C521B2200392DA7 /* Release */ = {
			isa = XCBuildConfiguration;
			baseConfigurationReference = F68A8876B1014F44CDB05F5B /* Pods.release.xcconfig */;
			buildSettings = {
				ASSETCATALOG_COMPILER_APPICON_NAME = AppIcon;
				INFOPLIST_FILE = MessagingPrototype/Info.plist;
				LD_RUNPATH_SEARCH_PATHS = "$(inherited) @executable_path/Frameworks";
				PRODUCT_BUNDLE_IDENTIFIER = hio.MessagingPrototype;
				PRODUCT_NAME = "$(TARGET_NAME)";
			};
			name = Release;
		};
/* End XCBuildConfiguration section */

/* Begin XCConfigurationList section */
		BA81A3131C521B2200392DA7 /* Build configuration list for PBXProject "MessagingPrototype" */ = {
			isa = XCConfigurationList;
			buildConfigurations = (
				BA81A3281C521B2200392DA7 /* Debug */,
				BA81A3291C521B2200392DA7 /* Release */,
			);
			defaultConfigurationIsVisible = 0;
			defaultConfigurationName = Release;
		};
		BA81A32A1C521B2200392DA7 /* Build configuration list for PBXNativeTarget "MessagingPrototype" */ = {
			isa = XCConfigurationList;
			buildConfigurations = (
				BA81A32B1C521B2200392DA7 /* Debug */,
				BA81A32C1C521B2200392DA7 /* Release */,
			);
			defaultConfigurationIsVisible = 0;
			defaultConfigurationName = Release;
		};
/* End XCConfigurationList section */
	};
	rootObject = BA81A3101C521B2200392DA7 /* Project object */;
}
